# This file was generated by Aiken
# You typically do not need to edit this file

[[requirements]]
name = "aiken-lang/stdlib"
version = "main"
source = "github"

[[packages]]
name = "aiken-lang/stdlib"
version = "main"
requirements = []
source = "github"

[etags]
"aiken-lang/stdlib@main" = [{ secs_since_epoch = 1774959724, nanos_since_epoch = 228848442 }, "13fe3b45444ff84ad5a0c8bde8a01576abf8c982f0997a064362424748d53b86"]
